
Microsoft Visual Studio Solution File, Format Version 12.00
# Visual Studio 15
VisualStudioVersion = 15.0.28307.329
MinimumVisualStudioVersion = 10.0.40219.1
Project("{888888A0-9F3D-457C-B088-3A5042F75D52}") = "tensor_tutorial", "tensor_tutorial\tensor_tutorial.pyproj", "{87A8D0BE-D2C5-460F-83CF-7397547EE1AB}"
EndProject
Global
	GlobalSection(SolutionConfigurationPlatforms) = preSolution
		Debug|Any CPU = Debug|Any CPU
		Release|Any CPU = Release|Any CPU
	EndGlobalSection
	GlobalSection(ProjectConfigurationPlatforms) = postSolution
		{87A8D0BE-D2C5-460F-83CF-7397547EE1AB}.Debug|Any CPU.ActiveCfg = Debug|Any CPU
		{87A8D0BE-D2C5-460F-83CF-7397547EE1AB}.Release|Any CPU.ActiveCfg = Release|Any CPU
	EndGlobalSection
	GlobalSection(SolutionProperties) = preSolution
		HideSolutionNode = FALSE
	EndGlobalSection
	GlobalSection(ExtensibilityGlobals) = postSolution
		SolutionGuid = {C0A7A240-2FBC-4812-915D-F2ECBE32547A}
	EndGlobalSection
EndGlobal
